{
  "name": "ng-packagr-bundle-deps",
  "version": "1.0.0",
  "lockfileVersion": 1,
  "requires": true,
  "dependencies": {
    "is-number": {
      "version": "6.0.0",
      "resolved": "https://registry.npmjs.org/is-number/-/is-number-6.0.0.tgz",
      "integrity": "sha512-Wu1VHeILBK8KAWJUAiSZQX94GmOE45Rg6/538fKwiloUu21KncEkYGPqob2oSZ5mUT73vLGrHQjKw3KMPwfDzg=="
    },
    "lib-wrapper": {
      "version": "file:lib-wrapper/dist.tgz",
      "integrity": "sha512-MGx4gqqjZJKGFpfoORNzJG7ES8gPl94DExdAWNWRoVJWg9OezbdKpIzhysDIT8xy3ZRoPXeStA5CWLxX7vgqgg==",
      "requires": {
        "is-number": "6.0.0",
        "tslib": "1.9.0"
      }
    },
    "tslib": {
      "version": "1.9.0",
      "resolved": "https://registry.npmjs.org/tslib/-/tslib-1.9.0.tgz",
      "integrity": "sha512-f/qGG2tUkrISBlQZEjEqoZ3B2+npJjIf04H1wuAv9iA8i04Icp+61KRXxFdha22670NJopsZCIjhC3SnjPRKrQ=="
    }
  }
}
